// !$*UTF8*$!
{
	archiveVersion = 1;
	classes = {
	};
	objectVersion = 46;
	objects = {

/* Begin PBXBuildFile section */
		091985C51F1DF972000B3762 /* ShowScoreViewController.swift in Sources */ = {isa = PBXBuildFile; fileRef = 091985C41F1DF972000B3762 /* ShowScoreViewController.swift */; };
		09F1E1251EEEFA3300ADDBC0 /* AppDelegate.swift in Sources */ = {isa = PBXBuildFile; fileRef = 09F1E1241EEEFA3300ADDBC0 /* AppDelegate.swift */; };
		09F1E1271EEEFA3300ADDBC0 /* ViewController.swift in Sources */ = {isa = PBXBuildFile; fileRef = 09F1E1261EEEFA3300ADDBC0 /* ViewController.swift */; };
		09F1E12A1EEEFA3300ADDBC0 /* Main.storyboard in Resources */ = {isa = PBXBuildFile; fileRef = 09F1E1281EEEFA3300ADDBC0 /* Main.storyboard */; };
		09F1E12C1EEEFA3300ADDBC0 /* Assets.xcassets in Resources */ = {isa = PBXBuildFile; fileRef = 09F1E12B1EEEFA3300ADDBC0 /* Assets.xcassets */; };
		09F1E12F1EEEFA3300ADDBC0 /* LaunchScreen.storyboard in Resources */ = {isa = PBXBuildFile; fileRef = 09F1E12D1EEEFA3300ADDBC0 /* LaunchScreen.storyboard */; };
/* End PBXBuildFile section */

/* Begin PBXFileReference section */
		091985C41F1DF972000B3762 /* ShowScoreViewController.swift */ = {isa = PBXFileReference; fileEncoding = 4; lastKnownFileType = sourcecode.swift; path = ShowScoreViewController.swift; sourceTree = "<group>"; };
		09F1E1211EEEFA3300ADDBC0 /* quizApp.app */ = {isa = PBXFileReference; explicitFileType = wrapper.application; includeInIndex = 0; path = quizApp.app; sourceTree = BUILT_PRODUCTS_DIR; };
		09F1E1241EEEFA3300ADDBC0 /* AppDelegate.swift */ = {isa = PBXFileReference; lastKnownFileType = sourcecode.swift; path = AppDelegate.swift; sourceTree = "<group>"; };
		09F1E1261EEEFA3300ADDBC0 /* ViewController.swift */ = {isa = PBXFileReference; lastKnownFileType = sourcecode.swift; path = ViewController.swift; sourceTree = "<group>"; };
		09F1E1291EEEFA3300ADDBC0 /* Base */ = {isa = PBXFileReference; lastKnownFileType = file.storyboard; name = Base; path = Base.lproj/Main.storyboard; sourceTree = "<group>"; };
		09F1E12B1EEEFA3300ADDBC0 /* Assets.xcassets */ = {isa = PBXFileReference; lastKnownFileType = folder.assetcatalog; path = Assets.xcassets; sourceTree = "<group>"; };
		09F1E12E1EEEFA3300ADDBC0 /* Base */ = {isa = PBXFileReference; lastKnownFileType = file.storyboard; name = Base; path = Base.lproj/LaunchScreen.storyboard; sourceTree = "<group>"; };
		09F1E1301EEEFA3300ADDBC0 /* Info.plist */ = {isa = PBXFileReference; lastKnownFileType = text.plist.xml; path = Info.plist; sourceTree = "<group>"; };
/* End PBXFileReference section */

/* Begin PBXFrameworksBuildPhase section */
		09F1E11E1EEEFA3300ADDBC0 /* Frameworks */ = {
			isa = PBXFrameworksBuildPhase;
			buildActionMask = 2147483647;
			files = (
			);
			runOnlyForDeploymentPostprocessing = 0;
		};
/* End PBXFrameworksBuildPhase section */

/* Begin PBXGroup section */
		09F1E1181EEEFA3200ADDBC0 = {
			isa = PBXGroup;
			children = (
				09F1E1231EEEFA3300ADDBC0 /* quizApp */,
				09F1E1221EEEFA3300ADDBC0 /* Products */,
			);
			sourceTree = "<group>";
		};
		09F1E1221EEEFA3300ADDBC0 /* Products */ = {
			isa = PBXGroup;
			children = (
				09F1E1211EEEFA3300ADDBC0 /* quizApp.app */,
			);
			name = Products;
			sourceTree = "<group>";
		};
		09F1E1231EEEFA3300ADDBC0 /* quizApp */ = {
			isa = PBXGroup;
			children = (
				09F1E1241EEEFA3300ADDBC0 /* AppDelegate.swift */,
				09F1E1261EEEFA3300ADDBC0 /* ViewController.swift */,
				09F1E1281EEEFA3300ADDBC0 /* Main.storyboard */,
				091985C41F1DF972000B3762 /* ShowScoreViewController.swift */,
				09F1E12B1EEEFA3300ADDBC0 /* Assets.xcassets */,
				09F1E12D1EEEFA3300ADDBC0 /* LaunchScreen.storyboard */,
				09F1E1301EEEFA3300ADDBC0 /* Info.plist */,
			);
			path = quizApp;
			sourceTree = "<group>";
		};
/* End PBXGroup section */

/* Begin PBXNativeTarget section */
		09F1E1201EEEFA3300ADDBC0 /* quizApp */ = {
			isa = PBXNativeTarget;
			buildConfigurationList = 09F1E1331EEEFA3300ADDBC0 /* Build configuration list for PBXNativeTarget "quizApp" */;
			buildPhases = (
				09F1E11D1EEEFA3300ADDBC0 /* Sources */,
				09F1E11E1EEEFA3300ADDBC0 /* Frameworks */,
				09F1E11F1EEEFA3300ADDBC0 /* Resources */,
			);
			buildRules = (
			);
			dependencies = (
			);
			name = quizApp;
			productName = quizApp;
			productReference = 09F1E1211EEEFA3300ADDBC0 /* quizApp.app */;
			productType = "com.apple.product-type.application";
		};
/* End PBXNativeTarget section */

/* Begin PBXProject section */
		09F1E1191EEEFA3200ADDBC0 /* Project object */ = {
			isa = PBXProject;
			attributes = {
				LastSwiftUpdateCheck = 0820;
				LastUpgradeCheck = 0820;
				ORGANIZATIONNAME = "Ahmed Adel";
				TargetAttributes = {
					09F1E1201EEEFA3300ADDBC0 = {
						CreatedOnToolsVersion = 8.2.1;
						DevelopmentTeam = JRHNY5M2Q2;
						ProvisioningStyle = Automatic;
					};
				};
			};
			buildConfigurationList = 09F1E11C1EEEFA3200ADDBC0 /* Build configuration list for PBXProject "quizApp" */;
			compatibilityVersion = "Xcode 3.2";
			developmentRegion = English;
			hasScannedForEncodings = 0;
			knownRegions = (
				en,
				Base,
			);
			mainGroup = 09F1E1181EEEFA3200ADDBC0;
			productRefGroup = 09F1E1221EEEFA3300ADDBC0 /* Products */;
			projectDirPath = "";
			projectRoot = "";
			targets = (
				09F1E1201EEEFA3300ADDBC0 /* quizApp */,
			);
		};
/* End PBXProject section */

/* Begin PBXResourcesBuildPhase section */
		09F1E11F1EEEFA3300ADDBC0 /* Resources */ = {
			isa = PBXResourcesBuildPhase;
			buildActionMask = 2147483647;
			files = (
				09F1E12F1EEEFA3300ADDBC0 /* LaunchScreen.storyboard in Resources */,
				09F1E12C1EEEFA3300ADDBC0 /* Assets.xcassets in Resources */,
				09F1E12A1EEEFA3300ADDBC0 /* Main.storyboard in Resources */,
			);
			runOnlyForDeploymentPostprocessing = 0;
		};
/* End PBXResourcesBuildPhase section */

/* Begin PBXSourcesBuildPhase section */
		09F1E11D1EEEFA3300ADDBC0 /* Sources */ = {
			isa = PBXSourcesBuildPhase;
			buildActionMask = 2147483647;
			files = (
				09F1E1271EEEFA3300ADDBC0 /* ViewController.swift in Sources */,
				09F1E1251EEEFA3300ADDBC0 /* AppDelegate.swift in Sources */,
				091985C51F1DF972000B3762 /* ShowScoreViewController.swift in Sources */,
			);
			runOnlyForDeploymentPostprocessing = 0;
		};
/* End PBXSourcesBuildPhase section */

/* Begin PBXVariantGroup section */
		09F1E1281EEEFA3300ADDBC0 /* Main.storyboard */ = {
			isa = PBXVariantGroup;
			children = (
				09F1E1291EEEFA3300ADDBC0 /* Base */,
			);
			name = Main.storyboard;
			sourceTree = "<group>";
		};
		09F1E12D1EEEFA3300ADDBC0 /* LaunchScreen.storyboard */ = {
			isa = PBXVariantGroup;
			children = (
				09F1E12E1EEEFA3300ADDBC0 /* Base */,
			);
			name = LaunchScreen.storyboard;
			sourceTree = "<group>";
		};
/* End PBXVariantGroup section */

/* Begin XCBuildConfiguration section */
		09F1E1311EEEFA3300ADDBC0 /* Debug */ = {
			isa = XCBuildConfiguration;
			buildSettings = {
				ALWAYS_SEARCH_USER_PATHS = NO;
				CLANG_ANALYZER_NONNULL = YES;
				CLANG_CXX_LANGUAGE_STANDARD = "gnu++0x";
				CLANG_CXX_LIBRARY = "libc++";
				CLANG_ENABLE_MODULES = YES;
				CLANG_ENABLE_OBJC_ARC = YES;
				CLANG_WARN_BOOL_CONVERSION = YES;
				CLANG_WARN_CONSTANT_CONVERSION = YES;
				CLANG_WARN_DIRECT_OBJC_ISA_USAGE = YES_ERROR;
				CLANG_WARN_DOCUMENTATION_COMMENTS = YES;
				CLANG_WARN_EMPTY_BODY = YES;
				CLANG_WARN_ENUM_CONVERSION = YES;
				CLANG_WARN_INFINITE_RECURSION = YES;
				CLANG_WARN_INT_CONVERSION = YES;
				CLANG_WARN_OBJC_ROOT_CLASS = YES_ERROR;
				CLANG_WARN_SUSPICIOUS_MOVE = YES;
				CLANG_WARN_UNREACHABLE_CODE = YES;
				CLANG_WARN__DUPLICATE_METHOD_MATCH = YES;
				"CODE_SIGN_IDENTITY[sdk=iphoneos*]" = "iPhone Developer";
				COPY_PHASE_STRIP = NO;
				DEBUG_INFORMATION_FORMAT = dwarf;
				ENABLE_STRICT_OBJC_MSGSEND = YES;
				ENABLE_TESTABILITY = YES;
				GCC_C_LANGUAGE_STANDARD = gnu99;
				GCC_DYNAMIC_NO_PIC = NO;
				GCC_NO_COMMON_BLOCKS = YES;
				GCC_OPTIMIZATION_LEVEL = 0;
				GCC_PREPROCESSOR_DEFINITIONS = (
					"DEBUG=1",
					"$(inherited)",
				);
				GCC_WARN_64_TO_32_BIT_CONVERSION = YES;
				GCC_WARN_ABOUT_RETURN_TYPE = YES_ERROR;
				GCC_WARN_UNDECLARED_SELECTOR = YES;
				GCC_WARN_UNINITIALIZED_AUTOS = YES_AGGRESSIVE;
				GCC_WARN_UNUSED_FUNCTION = YES;
				GCC_WARN_UNUSED_VARIABLE = YES;
				IPHONEOS_DEPLOYMENT_TARGET = 10.2;
				MTL_ENABLE_DEBUG_INFO = YES;
				ONLY_ACTIVE_ARCH = YES;
				SDKROOT = iphoneos;
				SWIFT_ACTIVE_COMPILATION_CONDITIONS = DEBUG;
				SWIFT_OPTIMIZATION_LEVEL = "-Onone";
				TARGETED_DEVICE_FAMILY = "1,2";
			};
			name = Debug;
		};
		09F1E1321EEEFA3300ADDBC0 /* Release */ = {
			isa = XCBuildConfiguration;
			buildSettings = {
				ALWAYS_SEARCH_USER_PATHS = NO;
				CLANG_ANALYZER_NONNULL = YES;
				CLANG_CXX_LANGUAGE_STANDARD = "gnu++0x";
				CLANG_CXX_LIBRARY = "libc++";
				CLANG_ENABLE_MODULES = YES;
				CLANG_ENABLE_OBJC_ARC = YES;
				CLANG_WARN_BOOL_CONVERSION = YES;
				CLANG_WARN_CONSTANT_CONVERSION = YES;
				CLANG_WARN_DIRECT_OBJC_ISA_USAGE = YES_ERROR;
				CLANG_WARN_DOCUMENTATION_COMMENTS = YES;
				CLANG_WARN_EMPTY_BODY = YES;
				CLANG_WARN_ENUM_CONVERSION = YES;
				CLANG_WARN_INFINITE_RECURSION = YES;
				CLANG_WARN_INT_CONVERSION = YES;
				CLANG_WARN_OBJC_ROOT_CLASS = YES_ERROR;
				CLANG_WARN_SUSPICIOUS_MOVE = YES;
				CLANG_WARN_UNREACHABLE_CODE = YES;
				CLANG_WARN__DUPLICATE_METHOD_MATCH = YES;
				"CODE_SIGN_IDENTITY[sdk=iphoneos*]" = "iPhone Developer";
				COPY_PHASE_STRIP = NO;
				DEBUG_INFORMATION_FORMAT = "dwarf-with-dsym";
				ENABLE_NS_ASSERTIONS = NO;
				ENABLE_STRICT_OBJC_MSGSEND = YES;
				GCC_C_LANGUAGE_STANDARD = gnu99;
				GCC_NO_COMMON_BLOCKS = YES;
				GCC_WARN_64_TO_32_BIT_CONVERSION = YES;
				GCC_WARN_ABOUT_RETURN_TYPE = YES_ERROR;
				GCC_WARN_UNDECLARED_SELECTOR = YES;
				GCC_WARN_UNINITIALIZED_AUTOS = YES_AGGRESSIVE;
				GCC_WARN_UNUSED_FUNCTION = YES;
				GCC_WARN_UNUSED_VARIABLE = YES;
				IPHONEOS_DEPLOYMENT_TARGET = 10.2;
				MTL_ENABLE_DEBUG_INFO = NO;
				SDKROOT = iphoneos;
				SWIFT_OPTIMIZATION_LEVEL = "-Owholemodule";
				TARGETED_DEVICE_FAMILY = "1,2";
				VALIDATE_PRODUCT = YES;
			};
			name = Release;
		};
		09F1E1341EEEFA3300ADDBC0 /* Debug */ = {
			isa = XCBuildConfiguration;
			buildSettings = {
				ASSETCATALOG_COMPILER_APPICON_NAME = AppIcon;
				DEVELOPMENT_TEAM = JRHNY5M2Q2;
				INFOPLIST_FILE = quizApp/Info.plist;
				LD_RUNPATH_SEARCH_PATHS = "$(inherited) @executable_path/Frameworks";
				PRODUCT_BUNDLE_IDENTIFIER = com.pirates.quizApp;
				PRODUCT_NAME = "$(TARGET_NAME)";
				SWIFT_VERSION = 3.0;
			};
			name = Debug;
		};
		09F1E1351EEEFA3300ADDBC0 /* Release */ = {
			isa = XCBuildConfiguration;
			buildSettings = {
				ASSETCATALOG_COMPILER_APPICON_NAME = AppIcon;
				DEVELOPMENT_TEAM = JRHNY5M2Q2;
				INFOPLIST_FILE = quizApp/Info.plist;
				LD_RUNPATH_SEARCH_PATHS = "$(inherited) @executable_path/Frameworks";
				PRODUCT_BUNDLE_IDENTIFIER = com.pirates.quizApp;
				PRODUCT_NAME = "$(TARGET_NAME)";
				SWIFT_VERSION = 3.0;
			};
			name = Release;
		};
/* End XCBuildConfiguration section */

/* Begin XCConfigurationList section */
		09F1E11C1EEEFA3200ADDBC0 /* Build configuration list for PBXProject "quizApp" */ = {
			isa = XCConfigurationList;
			buildConfigurations = (
				09F1E1311EEEFA3300ADDBC0 /* Debug */,
				09F1E1321EEEFA3300ADDBC0 /* Release */,
			);
			defaultConfigurationIsVisible = 0;
			defaultConfigurationName = Release;
		};
		09F1E1331EEEFA3300ADDBC0 /* Build configuration list for PBXNativeTarget "quizApp" */ = {
			isa = XCConfigurationList;
			buildConfigurations = (
				09F1E1341EEEFA3300ADDBC0 /* Debug */,
				09F1E1351EEEFA3300ADDBC0 /* Release */,
			);
			defaultConfigurationIsVisible = 0;
			defaultConfigurationName = Release;
		};
/* End XCConfigurationList section */
	};
	rootObject = 09F1E1191EEEFA3200ADDBC0 /* Project object */;
}
